
Microsoft Visual Studio Solution File, Format Version 12.00
# Visual Studio Version 16
VisualStudioVersion = 16.0.31624.102
MinimumVisualStudioVersion = 10.0.40219.1
Project("{FAE04EC0-301F-11D3-BF4B-00C04F79EFBC}") = "ShipvistaAssessment", "ShipvistaAssessment.csproj", "{B7B5708A-8CEC-40A4-95F6-96D2A43F3DAD}"
EndProject
Global
	GlobalSection(SolutionConfigurationPlatforms) = preSolution
		Debug|Any CPU = Debug|Any CPU
		Release|Any CPU = Release|Any CPU
	EndGlobalSection
	GlobalSection(ProjectConfigurationPlatforms) = postSolution
		{B7B5708A-8CEC-40A4-95F6-96D2A43F3DAD}.Debug|Any CPU.ActiveCfg = Debug|Any CPU
		{B7B5708A-8CEC-40A4-95F6-96D2A43F3DAD}.Debug|Any CPU.Build.0 = Debug|Any CPU
		{B7B5708A-8CEC-40A4-95F6-96D2A43F3DAD}.Release|Any CPU.ActiveCfg = Release|Any CPU
		{B7B5708A-8CEC-40A4-95F6-96D2A43F3DAD}.Release|Any CPU.Build.0 = Release|Any CPU
	EndGlobalSection
	GlobalSection(SolutionProperties) = preSolution
		HideSolutionNode = FALSE
	EndGlobalSection
	GlobalSection(ExtensibilityGlobals) = postSolution
		SolutionGuid = {B581B2A4-4ACE-4FAD-8333-AA6FE20FDF35}
	EndGlobalSection
EndGlobal
